
Microsoft Visual Studio Solution File, Format Version 12.00
# Visual Studio Version 16
VisualStudioVersion = 16.0.32002.261
MinimumVisualStudioVersion = 10.0.40219.1
Project("{FAE04EC0-301F-11D3-BF4B-00C04F79EFBC}") = "RopeyDVDs", "RopeyDVDs.csproj", "{F8D8644A-D32F-4E29-9D1B-CF2C2BAC57D9}"
EndProject
Global
	GlobalSection(SolutionConfigurationPlatforms) = preSolution
		Debug|Any CPU = Debug|Any CPU
		Release|Any CPU = Release|Any CPU
	EndGlobalSection
	GlobalSection(ProjectConfigurationPlatforms) = postSolution
		{F8D8644A-D32F-4E29-9D1B-CF2C2BAC57D9}.Debug|Any CPU.ActiveCfg = Debug|Any CPU
		{F8D8644A-D32F-4E29-9D1B-CF2C2BAC57D9}.Debug|Any CPU.Build.0 = Debug|Any CPU
		{F8D8644A-D32F-4E29-9D1B-CF2C2BAC57D9}.Release|Any CPU.ActiveCfg = Release|Any CPU
		{F8D8644A-D32F-4E29-9D1B-CF2C2BAC57D9}.Release|Any CPU.Build.0 = Release|Any CPU
	EndGlobalSection
	GlobalSection(SolutionProperties) = preSolution
		HideSolutionNode = FALSE
	EndGlobalSection
	GlobalSection(ExtensibilityGlobals) = postSolution
		SolutionGuid = {8C93CC8A-BC96-4487-9D8C-BE20FC7C2EB9}
	EndGlobalSection
EndGlobal
